// !$*UTF8*$!
{
	archiveVersion = 1;
	classes = {
	};
	objectVersion = 55;
	objects = {

/* Begin PBXBuildFile section */
		11B8AF3F284623AE005AFB41 /* PracticalTestApp.swift in Sources */ = {isa = PBXBuildFile; fileRef = 11B8AF3E284623AE005AFB41 /* PracticalTestApp.swift */; };
		11B8AF41284623AE005AFB41 /* ContentView.swift in Sources */ = {isa = PBXBuildFile; fileRef = 11B8AF40284623AE005AFB41 /* ContentView.swift */; };
		11B8AF43284623AF005AFB41 /* Assets.xcassets in Resources */ = {isa = PBXBuildFile; fileRef = 11B8AF42284623AF005AFB41 /* Assets.xcassets */; };
		11B8AF46284623AF005AFB41 /* Preview Assets.xcassets in Resources */ = {isa = PBXBuildFile; fileRef = 11B8AF45284623AF005AFB41 /* Preview Assets.xcassets */; };
		11B8AF4E28462470005AFB41 /* NetworkManager.swift in Sources */ = {isa = PBXBuildFile; fileRef = 11B8AF4D28462470005AFB41 /* NetworkManager.swift */; };
		11B8AF5128462599005AFB41 /* MovieDbService.swift in Sources */ = {isa = PBXBuildFile; fileRef = 11B8AF5028462599005AFB41 /* MovieDbService.swift */; };
		11B8AF542846266C005AFB41 /* MovieModel.swift in Sources */ = {isa = PBXBuildFile; fileRef = 11B8AF532846266C005AFB41 /* MovieModel.swift */; };
		11B8AF56284627DD005AFB41 /* ResponseModel.swift in Sources */ = {isa = PBXBuildFile; fileRef = 11B8AF55284627DD005AFB41 /* ResponseModel.swift */; };
		11B8AF5928462979005AFB41 /* AppConstants.swift in Sources */ = {isa = PBXBuildFile; fileRef = 11B8AF5828462979005AFB41 /* AppConstants.swift */; };
		11B8AF5E284630F3005AFB41 /* MoviesView.swift in Sources */ = {isa = PBXBuildFile; fileRef = 11B8AF5D284630F3005AFB41 /* MoviesView.swift */; };
		11B8AF6128463118005AFB41 /* MoviesViewModel.swift in Sources */ = {isa = PBXBuildFile; fileRef = 11B8AF6028463118005AFB41 /* MoviesViewModel.swift */; };
		A17B7EFF284651330002C11F /* MovieRowView.swift in Sources */ = {isa = PBXBuildFile; fileRef = A17B7EFE284651330002C11F /* MovieRowView.swift */; };
		A17B7F03284652600002C11F /* ImageLoaderView.swift in Sources */ = {isa = PBXBuildFile; fileRef = A17B7F02284652600002C11F /* ImageLoaderView.swift */; };
		A17B7F052846527D0002C11F /* ImageLoaderViewModel.swift in Sources */ = {isa = PBXBuildFile; fileRef = A17B7F042846527D0002C11F /* ImageLoaderViewModel.swift */; };
		A17B7F07284654070002C11F /* ImageLoaderService.swift in Sources */ = {isa = PBXBuildFile; fileRef = A17B7F06284654070002C11F /* ImageLoaderService.swift */; };
/* End PBXBuildFile section */

/* Begin PBXFileReference section */
		11B8AF3B284623AE005AFB41 /* PracticalTest.app */ = {isa = PBXFileReference; explicitFileType = wrapper.application; includeInIndex = 0; path = PracticalTest.app; sourceTree = BUILT_PRODUCTS_DIR; };
		11B8AF3E284623AE005AFB41 /* PracticalTestApp.swift */ = {isa = PBXFileReference; lastKnownFileType = sourcecode.swift; path = PracticalTestApp.swift; sourceTree = "<group>"; };
		11B8AF40284623AE005AFB41 /* ContentView.swift */ = {isa = PBXFileReference; lastKnownFileType = sourcecode.swift; path = ContentView.swift; sourceTree = "<group>"; };
		11B8AF42284623AF005AFB41 /* Assets.xcassets */ = {isa = PBXFileReference; lastKnownFileType = folder.assetcatalog; path = Assets.xcassets; sourceTree = "<group>"; };
		11B8AF45284623AF005AFB41 /* Preview Assets.xcassets */ = {isa = PBXFileReference; lastKnownFileType = folder.assetcatalog; path = "Preview Assets.xcassets"; sourceTree = "<group>"; };
		11B8AF4D28462470005AFB41 /* NetworkManager.swift */ = {isa = PBXFileReference; lastKnownFileType = sourcecode.swift; path = NetworkManager.swift; sourceTree = "<group>"; };
		11B8AF5028462599005AFB41 /* MovieDbService.swift */ = {isa = PBXFileReference; lastKnownFileType = sourcecode.swift; path = MovieDbService.swift; sourceTree = "<group>"; };
		11B8AF532846266C005AFB41 /* MovieModel.swift */ = {isa = PBXFileReference; lastKnownFileType = sourcecode.swift; path = MovieModel.swift; sourceTree = "<group>"; };
		11B8AF55284627DD005AFB41 /* ResponseModel.swift */ = {isa = PBXFileReference; lastKnownFileType = sourcecode.swift; path = ResponseModel.swift; sourceTree = "<group>"; };
		11B8AF5828462979005AFB41 /* AppConstants.swift */ = {isa = PBXFileReference; lastKnownFileType = sourcecode.swift; path = AppConstants.swift; sourceTree = "<group>"; };
		11B8AF5D284630F3005AFB41 /* MoviesView.swift */ = {isa = PBXFileReference; lastKnownFileType = sourcecode.swift; path = MoviesView.swift; sourceTree = "<group>"; };
		11B8AF6028463118005AFB41 /* MoviesViewModel.swift */ = {isa = PBXFileReference; lastKnownFileType = sourcecode.swift; path = MoviesViewModel.swift; sourceTree = "<group>"; };
		A17B7EFD28464B070002C11F /* Info.plist */ = {isa = PBXFileReference; lastKnownFileType = text.plist; path = Info.plist; sourceTree = "<group>"; };
		A17B7EFE284651330002C11F /* MovieRowView.swift */ = {isa = PBXFileReference; lastKnownFileType = sourcecode.swift; path = MovieRowView.swift; sourceTree = "<group>"; };
		A17B7F02284652600002C11F /* ImageLoaderView.swift */ = {isa = PBXFileReference; lastKnownFileType = sourcecode.swift; path = ImageLoaderView.swift; sourceTree = "<group>"; };
		A17B7F042846527D0002C11F /* ImageLoaderViewModel.swift */ = {isa = PBXFileReference; lastKnownFileType = sourcecode.swift; path = ImageLoaderViewModel.swift; sourceTree = "<group>"; };
		A17B7F06284654070002C11F /* ImageLoaderService.swift */ = {isa = PBXFileReference; lastKnownFileType = sourcecode.swift; path = ImageLoaderService.swift; sourceTree = "<group>"; };
/* End PBXFileReference section */

/* Begin PBXFrameworksBuildPhase section */
		11B8AF38284623AE005AFB41 /* Frameworks */ = {
			isa = PBXFrameworksBuildPhase;
			buildActionMask = 2147483647;
			files = (
			);
			runOnlyForDeploymentPostprocessing = 0;
		};
/* End PBXFrameworksBuildPhase section */

/* Begin PBXGroup section */
		11B8AF32284623AE005AFB41 = {
			isa = PBXGroup;
			children = (
				11B8AF3D284623AE005AFB41 /* PracticalTest */,
				11B8AF3C284623AE005AFB41 /* Products */,
			);
			sourceTree = "<group>";
		};
		11B8AF3C284623AE005AFB41 /* Products */ = {
			isa = PBXGroup;
			children = (
				11B8AF3B284623AE005AFB41 /* PracticalTest.app */,
			);
			name = Products;
			sourceTree = "<group>";
		};
		11B8AF3D284623AE005AFB41 /* PracticalTest */ = {
			isa = PBXGroup;
			children = (
				A17B7EFD28464B070002C11F /* Info.plist */,
				11B8AF5A284630BA005AFB41 /* Core */,
				11B8AF572846293A005AFB41 /* Utilities */,
				11B8AF5228462644005AFB41 /* Models */,
				11B8AF4C28462440005AFB41 /* Networking */,
				11B8AF3E284623AE005AFB41 /* PracticalTestApp.swift */,
				11B8AF40284623AE005AFB41 /* ContentView.swift */,
				11B8AF42284623AF005AFB41 /* Assets.xcassets */,
				11B8AF44284623AF005AFB41 /* Preview Content */,
			);
			path = PracticalTest;
			sourceTree = "<group>";
		};
		11B8AF44284623AF005AFB41 /* Preview Content */ = {
			isa = PBXGroup;
			children = (
				11B8AF45284623AF005AFB41 /* Preview Assets.xcassets */,
			);
			path = "Preview Content";
			sourceTree = "<group>";
		};
		11B8AF4C28462440005AFB41 /* Networking */ = {
			isa = PBXGroup;
			children = (
				11B8AF4F2846255C005AFB41 /* Services */,
				11B8AF4D28462470005AFB41 /* NetworkManager.swift */,
			);
			path = Networking;
			sourceTree = "<group>";
		};
		11B8AF4F2846255C005AFB41 /* Services */ = {
			isa = PBXGroup;
			children = (
				11B8AF5028462599005AFB41 /* MovieDbService.swift */,
				A17B7F06284654070002C11F /* ImageLoaderService.swift */,
			);
			path = Services;
			sourceTree = "<group>";
		};
		11B8AF5228462644005AFB41 /* Models */ = {
			isa = PBXGroup;
			children = (
				11B8AF532846266C005AFB41 /* MovieModel.swift */,
				11B8AF55284627DD005AFB41 /* ResponseModel.swift */,
			);
			path = Models;
			sourceTree = "<group>";
		};
		11B8AF572846293A005AFB41 /* Utilities */ = {
			isa = PBXGroup;
			children = (
				11B8AF5828462979005AFB41 /* AppConstants.swift */,
			);
			path = Utilities;
			sourceTree = "<group>";
		};
		11B8AF5A284630BA005AFB41 /* Core */ = {
			isa = PBXGroup;
			children = (
				A17B7F00284652170002C11F /* Components */,
				11B8AF5B284630C1005AFB41 /* Movies */,
			);
			path = Core;
			sourceTree = "<group>";
		};
		11B8AF5B284630C1005AFB41 /* Movies */ = {
			isa = PBXGroup;
			children = (
				11B8AF5F28463105005AFB41 /* ViewModel */,
				11B8AF5C284630D4005AFB41 /* View */,
			);
			path = Movies;
			sourceTree = "<group>";
		};
		11B8AF5C284630D4005AFB41 /* View */ = {
			isa = PBXGroup;
			children = (
				11B8AF5D284630F3005AFB41 /* MoviesView.swift */,
				A17B7EFE284651330002C11F /* MovieRowView.swift */,
			);
			path = View;
			sourceTree = "<group>";
		};
		11B8AF5F28463105005AFB41 /* ViewModel */ = {
			isa = PBXGroup;
			children = (
				11B8AF6028463118005AFB41 /* MoviesViewModel.swift */,
			);
			path = ViewModel;
			sourceTree = "<group>";
		};
		A17B7F00284652170002C11F /* Components */ = {
			isa = PBXGroup;
			children = (
				A17B7F01284652250002C11F /* ImageLoader */,
			);
			path = Components;
			sourceTree = "<group>";
		};
		A17B7F01284652250002C11F /* ImageLoader */ = {
			isa = PBXGroup;
			children = (
				A17B7F02284652600002C11F /* ImageLoaderView.swift */,
				A17B7F042846527D0002C11F /* ImageLoaderViewModel.swift */,
			);
			path = ImageLoader;
			sourceTree = "<group>";
		};
/* End PBXGroup section */

/* Begin PBXNativeTarget section */
		11B8AF3A284623AE005AFB41 /* PracticalTest */ = {
			isa = PBXNativeTarget;
			buildConfigurationList = 11B8AF49284623AF005AFB41 /* Build configuration list for PBXNativeTarget "PracticalTest" */;
			buildPhases = (
				11B8AF37284623AE005AFB41 /* Sources */,
				11B8AF38284623AE005AFB41 /* Frameworks */,
				11B8AF39284623AE005AFB41 /* Resources */,
			);
			buildRules = (
			);
			dependencies = (
			);
			name = PracticalTest;
			productName = PracticalTest;
			productReference = 11B8AF3B284623AE005AFB41 /* PracticalTest.app */;
			productType = "com.apple.product-type.application";
		};
/* End PBXNativeTarget section */

/* Begin PBXProject section */
		11B8AF33284623AE005AFB41 /* Project object */ = {
			isa = PBXProject;
			attributes = {
				BuildIndependentTargetsInParallel = 1;
				LastSwiftUpdateCheck = 1340;
				LastUpgradeCheck = 1340;
				TargetAttributes = {
					11B8AF3A284623AE005AFB41 = {
						CreatedOnToolsVersion = 13.4;
					};
				};
			};
			buildConfigurationList = 11B8AF36284623AE005AFB41 /* Build configuration list for PBXProject "PracticalTest" */;
			compatibilityVersion = "Xcode 13.0";
			developmentRegion = en;
			hasScannedForEncodings = 0;
			knownRegions = (
				en,
				Base,
			);
			mainGroup = 11B8AF32284623AE005AFB41;
			productRefGroup = 11B8AF3C284623AE005AFB41 /* Products */;
			projectDirPath = "";
			projectRoot = "";
			targets = (
				11B8AF3A284623AE005AFB41 /* PracticalTest */,
			);
		};
/* End PBXProject section */

/* Begin PBXResourcesBuildPhase section */
		11B8AF39284623AE005AFB41 /* Resources */ = {
			isa = PBXResourcesBuildPhase;
			buildActionMask = 2147483647;
			files = (
				11B8AF46284623AF005AFB41 /* Preview Assets.xcassets in Resources */,
				11B8AF43284623AF005AFB41 /* Assets.xcassets in Resources */,
			);
			runOnlyForDeploymentPostprocessing = 0;
		};
/* End PBXResourcesBuildPhase section */

/* Begin PBXSourcesBuildPhase section */
		11B8AF37284623AE005AFB41 /* Sources */ = {
			isa = PBXSourcesBuildPhase;
			buildActionMask = 2147483647;
			files = (
				11B8AF4E28462470005AFB41 /* NetworkManager.swift in Sources */,
				11B8AF5E284630F3005AFB41 /* MoviesView.swift in Sources */,
				11B8AF41284623AE005AFB41 /* ContentView.swift in Sources */,
				A17B7F052846527D0002C11F /* ImageLoaderViewModel.swift in Sources */,
				11B8AF542846266C005AFB41 /* MovieModel.swift in Sources */,
				11B8AF6128463118005AFB41 /* MoviesViewModel.swift in Sources */,
				11B8AF5128462599005AFB41 /* MovieDbService.swift in Sources */,
				A17B7EFF284651330002C11F /* MovieRowView.swift in Sources */,
				11B8AF5928462979005AFB41 /* AppConstants.swift in Sources */,
				11B8AF56284627DD005AFB41 /* ResponseModel.swift in Sources */,
				A17B7F07284654070002C11F /* ImageLoaderService.swift in Sources */,
				11B8AF3F284623AE005AFB41 /* PracticalTestApp.swift in Sources */,
				A17B7F03284652600002C11F /* ImageLoaderView.swift in Sources */,
			);
			runOnlyForDeploymentPostprocessing = 0;
		};
/* End PBXSourcesBuildPhase section */

/* Begin XCBuildConfiguration section */
		11B8AF47284623AF005AFB41 /* Debug */ = {
			isa = XCBuildConfiguration;
			buildSettings = {
				ALWAYS_SEARCH_USER_PATHS = NO;
				CLANG_ANALYZER_NONNULL = YES;
				CLANG_ANALYZER_NUMBER_OBJECT_CONVERSION = YES_AGGRESSIVE;
				CLANG_CXX_LANGUAGE_STANDARD = "gnu++17";
				CLANG_ENABLE_MODULES = YES;
				CLANG_ENABLE_OBJC_ARC = YES;
				CLANG_ENABLE_OBJC_WEAK = YES;
				CLANG_WARN_BLOCK_CAPTURE_AUTORELEASING = YES;
				CLANG_WARN_BOOL_CONVERSION = YES;
				CLANG_WARN_COMMA = YES;
				CLANG_WARN_CONSTANT_CONVERSION = YES;
				CLANG_WARN_DEPRECATED_OBJC_IMPLEMENTATIONS = YES;
				CLANG_WARN_DIRECT_OBJC_ISA_USAGE = YES_ERROR;
				CLANG_WARN_DOCUMENTATION_COMMENTS = YES;
				CLANG_WARN_EMPTY_BODY = YES;
				CLANG_WARN_ENUM_CONVERSION = YES;
				CLANG_WARN_INFINITE_RECURSION = YES;
				CLANG_WARN_INT_CONVERSION = YES;
				CLANG_WARN_NON_LITERAL_NULL_CONVERSION = YES;
				CLANG_WARN_OBJC_IMPLICIT_RETAIN_SELF = YES;
				CLANG_WARN_OBJC_LITERAL_CONVERSION = YES;
				CLANG_WARN_OBJC_ROOT_CLASS = YES_ERROR;
				CLANG_WARN_QUOTED_INCLUDE_IN_FRAMEWORK_HEADER = YES;
				CLANG_WARN_RANGE_LOOP_ANALYSIS = YES;
				CLANG_WARN_STRICT_PROTOTYPES = YES;
				CLANG_WARN_SUSPICIOUS_MOVE = YES;
				CLANG_WARN_UNGUARDED_AVAILABILITY = YES_AGGRESSIVE;
				CLANG_WARN_UNREACHABLE_CODE = YES;
				CLANG_WARN__DUPLICATE_METHOD_MATCH = YES;
				COPY_PHASE_STRIP = NO;
				DEBUG_INFORMATION_FORMAT = dwarf;
				ENABLE_STRICT_OBJC_MSGSEND = YES;
				ENABLE_TESTABILITY = YES;
				GCC_C_LANGUAGE_STANDARD = gnu11;
				GCC_DYNAMIC_NO_PIC = NO;
				GCC_NO_COMMON_BLOCKS = YES;
				GCC_OPTIMIZATION_LEVEL = 0;
				GCC_PREPROCESSOR_DEFINITIONS = (
					"DEBUG=1",
					"$(inherited)",
				);
				GCC_WARN_64_TO_32_BIT_CONVERSION = YES;
				GCC_WARN_ABOUT_RETURN_TYPE = YES_ERROR;
				GCC_WARN_UNDECLARED_SELECTOR = YES;
				GCC_WARN_UNINITIALIZED_AUTOS = YES_AGGRESSIVE;
				GCC_WARN_UNUSED_FUNCTION = YES;
				GCC_WARN_UNUSED_VARIABLE = YES;
				IPHONEOS_DEPLOYMENT_TARGET = 15.5;
				MTL_ENABLE_DEBUG_INFO = INCLUDE_SOURCE;
				MTL_FAST_MATH = YES;
				ONLY_ACTIVE_ARCH = YES;
				SDKROOT = iphoneos;
				SWIFT_ACTIVE_COMPILATION_CONDITIONS = DEBUG;
				SWIFT_OPTIMIZATION_LEVEL = "-Onone";
			};
			name = Debug;
		};
		11B8AF48284623AF005AFB41 /* Release */ = {
			isa = XCBuildConfiguration;
			buildSettings = {
				ALWAYS_SEARCH_USER_PATHS = NO;
				CLANG_ANALYZER_NONNULL = YES;
				CLANG_ANALYZER_NUMBER_OBJECT_CONVERSION = YES_AGGRESSIVE;
				CLANG_CXX_LANGUAGE_STANDARD = "gnu++17";
				CLANG_ENABLE_MODULES = YES;
				CLANG_ENABLE_OBJC_ARC = YES;
				CLANG_ENABLE_OBJC_WEAK = YES;
				CLANG_WARN_BLOCK_CAPTURE_AUTORELEASING = YES;
				CLANG_WARN_BOOL_CONVERSION = YES;
				CLANG_WARN_COMMA = YES;
				CLANG_WARN_CONSTANT_CONVERSION = YES;
				CLANG_WARN_DEPRECATED_OBJC_IMPLEMENTATIONS = YES;
				CLANG_WARN_DIRECT_OBJC_ISA_USAGE = YES_ERROR;
				CLANG_WARN_DOCUMENTATION_COMMENTS = YES;
				CLANG_WARN_EMPTY_BODY = YES;
				CLANG_WARN_ENUM_CONVERSION = YES;
				CLANG_WARN_INFINITE_RECURSION = YES;
				CLANG_WARN_INT_CONVERSION = YES;
				CLANG_WARN_NON_LITERAL_NULL_CONVERSION = YES;
				CLANG_WARN_OBJC_IMPLICIT_RETAIN_SELF = YES;
				CLANG_WARN_OBJC_LITERAL_CONVERSION = YES;
				CLANG_WARN_OBJC_ROOT_CLASS = YES_ERROR;
				CLANG_WARN_QUOTED_INCLUDE_IN_FRAMEWORK_HEADER = YES;
				CLANG_WARN_RANGE_LOOP_ANALYSIS = YES;
				CLANG_WARN_STRICT_PROTOTYPES = YES;
				CLANG_WARN_SUSPICIOUS_MOVE = YES;
				CLANG_WARN_UNGUARDED_AVAILABILITY = YES_AGGRESSIVE;
				CLANG_WARN_UNREACHABLE_CODE = YES;
				CLANG_WARN__DUPLICATE_METHOD_MATCH = YES;
				COPY_PHASE_STRIP = NO;
				DEBUG_INFORMATION_FORMAT = "dwarf-with-dsym";
				ENABLE_NS_ASSERTIONS = NO;
				ENABLE_STRICT_OBJC_MSGSEND = YES;
				GCC_C_LANGUAGE_STANDARD = gnu11;
				GCC_NO_COMMON_BLOCKS = YES;
				GCC_WARN_64_TO_32_BIT_CONVERSION = YES;
				GCC_WARN_ABOUT_RETURN_TYPE = YES_ERROR;
				GCC_WARN_UNDECLARED_SELECTOR = YES;
				GCC_WARN_UNINITIALIZED_AUTOS = YES_AGGRESSIVE;
				GCC_WARN_UNUSED_FUNCTION = YES;
				GCC_WARN_UNUSED_VARIABLE = YES;
				IPHONEOS_DEPLOYMENT_TARGET = 15.5;
				MTL_ENABLE_DEBUG_INFO = NO;
				MTL_FAST_MATH = YES;
				SDKROOT = iphoneos;
				SWIFT_COMPILATION_MODE = wholemodule;
				SWIFT_OPTIMIZATION_LEVEL = "-O";
				VALIDATE_PRODUCT = YES;
			};
			name = Release;
		};
		11B8AF4A284623AF005AFB41 /* Debug */ = {
			isa = XCBuildConfiguration;
			buildSettings = {
				ASSETCATALOG_COMPILER_APPICON_NAME = AppIcon;
				ASSETCATALOG_COMPILER_GLOBAL_ACCENT_COLOR_NAME = AccentColor;
				CODE_SIGN_STYLE = Automatic;
				CURRENT_PROJECT_VERSION = 1;
				DEVELOPMENT_ASSET_PATHS = "\"PracticalTest/Preview Content\"";
				DEVELOPMENT_TEAM = 33Z26KH6FC;
				ENABLE_PREVIEWS = YES;
				GENERATE_INFOPLIST_FILE = YES;
				INFOPLIST_FILE = PracticalTest/Info.plist;
				INFOPLIST_KEY_UIApplicationSceneManifest_Generation = YES;
				INFOPLIST_KEY_UIApplicationSupportsIndirectInputEvents = YES;
				INFOPLIST_KEY_UILaunchScreen_Generation = YES;
				INFOPLIST_KEY_UISupportedInterfaceOrientations_iPad = "UIInterfaceOrientationPortrait UIInterfaceOrientationPortraitUpsideDown UIInterfaceOrientationLandscapeLeft UIInterfaceOrientationLandscapeRight";
				INFOPLIST_KEY_UISupportedInterfaceOrientations_iPhone = "UIInterfaceOrientationPortrait UIInterfaceOrientationLandscapeLeft UIInterfaceOrientationLandscapeRight";
				LD_RUNPATH_SEARCH_PATHS = (
					"$(inherited)",
					"@executable_path/Frameworks",
				);
				MARKETING_VERSION = 1.0;
				PRODUCT_BUNDLE_IDENTIFIER = shakhawat.PracticalTest;
				PRODUCT_NAME = "$(TARGET_NAME)";
				SWIFT_EMIT_LOC_STRINGS = YES;
				SWIFT_VERSION = 5.0;
				TARGETED_DEVICE_FAMILY = "1,2";
			};
			name = Debug;
		};
		11B8AF4B284623AF005AFB41 /* Release */ = {
			isa = XCBuildConfiguration;
			buildSettings = {
				ASSETCATALOG_COMPILER_APPICON_NAME = AppIcon;
				ASSETCATALOG_COMPILER_GLOBAL_ACCENT_COLOR_NAME = AccentColor;
				CODE_SIGN_STYLE = Automatic;
				CURRENT_PROJECT_VERSION = 1;
				DEVELOPMENT_ASSET_PATHS = "\"PracticalTest/Preview Content\"";
				DEVELOPMENT_TEAM = 33Z26KH6FC;
				ENABLE_PREVIEWS = YES;
				GENERATE_INFOPLIST_FILE = YES;
				INFOPLIST_FILE = PracticalTest/Info.plist;
				INFOPLIST_KEY_UIApplicationSceneManifest_Generation = YES;
				INFOPLIST_KEY_UIApplicationSupportsIndirectInputEvents = YES;
				INFOPLIST_KEY_UILaunchScreen_Generation = YES;
				INFOPLIST_KEY_UISupportedInterfaceOrientations_iPad = "UIInterfaceOrientationPortrait UIInterfaceOrientationPortraitUpsideDown UIInterfaceOrientationLandscapeLeft UIInterfaceOrientationLandscapeRight";
				INFOPLIST_KEY_UISupportedInterfaceOrientations_iPhone = "UIInterfaceOrientationPortrait UIInterfaceOrientationLandscapeLeft UIInterfaceOrientationLandscapeRight";
				LD_RUNPATH_SEARCH_PATHS = (
					"$(inherited)",
					"@executable_path/Frameworks",
				);
				MARKETING_VERSION = 1.0;
				PRODUCT_BUNDLE_IDENTIFIER = shakhawat.PracticalTest;
				PRODUCT_NAME = "$(TARGET_NAME)";
				SWIFT_EMIT_LOC_STRINGS = YES;
				SWIFT_VERSION = 5.0;
				TARGETED_DEVICE_FAMILY = "1,2";
			};
			name = Release;
		};
/* End XCBuildConfiguration section */

/* Begin XCConfigurationList section */
		11B8AF36284623AE005AFB41 /* Build configuration list for PBXProject "PracticalTest" */ = {
			isa = XCConfigurationList;
			buildConfigurations = (
				11B8AF47284623AF005AFB41 /* Debug */,
				11B8AF48284623AF005AFB41 /* Release */,
			);
			defaultConfigurationIsVisible = 0;
			defaultConfigurationName = Release;
		};
		11B8AF49284623AF005AFB41 /* Build configuration list for PBXNativeTarget "PracticalTest" */ = {
			isa = XCConfigurationList;
			buildConfigurations = (
				11B8AF4A284623AF005AFB41 /* Debug */,
				11B8AF4B284623AF005AFB41 /* Release */,
			);
			defaultConfigurationIsVisible = 0;
			defaultConfigurationName = Release;
		};
/* End XCConfigurationList section */
	};
	rootObject = 11B8AF33284623AE005AFB41 /* Project object */;
}
